<?xml version="1.0" encoding="utf-8"?>
<Project ToolsVersion="4.0" xmlns="http://schemas.microsoft.com/developer/msbuild/2003">
  <ItemGroup>
    <Filter Include="Source Files">
      <UniqueIdentifier>{4FC737F1-C7A5-4376-A066-2A32D752A2FF}</UniqueIdentifier>
      <Extensions>cpp;c;cc;cxx;def;odl;idl;hpj;bat;asm;asmx</Extensions>
    </Filter>
    <Filter Include="Header Files">
      <UniqueIdentifier>{93995380-89BD-4b04-88EB-625FBE52EBFB}</UniqueIdentifier>
      <Extensions>h;hpp;hxx;hm;inl;inc;xsd</Extensions>
    </Filter>
    <Filter Include="Resource Files">
      <UniqueIdentifier>{67DA6AB6-F800-4c08-8B7A-83BB121AAD01}</UniqueIdentifier>
      <Extensions>rc;ico;cur;bmp;dlg;rc2;rct;bin;rgs;gif;jpg;jpeg;jpe;resx;tiff;tif;png;wav</Extensions>
    </Filter>
  </ItemGroup>
  <ItemGroup>
    <ClInclude Include="ringbuffer.h">
      <Filter>Header Files</Filter>
    </ClInclude>
    <ClInclude Include="P300SignalAcquisition.h">
      <Filter>Header Files</Filter>
    </ClInclude>
    <ClInclude Include="InterfaceListener.h">
      <Filter>Header Files</Filter>
    </ClInclude>
    <ClInclude Include="CalibrationController.h">
      <Filter>Header Files</Filter>
    </ClInclude>
    <ClInclude Include="SpellerController.h">
      <Filter>Header Files</Filter>
    </ClInclude>
    <ClInclude Include="BayesianLDA.h">
      <Filter>Header Files</Filter>
    </ClInclude>
    <ClInclude Include="Winsor.h">
      <Filter>Header Files</Filter>
    </ClInclude>
    <ClInclude Include="Normalize.h">
      <Filter>Header Files</Filter>
    </ClInclude>
    <ClInclude Include="clientTCP.h">
      <Filter>Header Files</Filter>
    </ClInclude>
    <ClInclude Include="Classification.h">
      <Filter>Header Files</Filter>
    </ClInclude>
    <ClInclude Include="P300Framework.h">
      <Filter>Header Files</Filter>
    </ClInclude>
    <ClInclude Include="OfflineSpeller.h">
      <Filter>Header Files</Filter>
    </ClInclude>
    <ClInclude Include="rootpaths.h">
      <Filter>Header Files</Filter>
    </ClInclude>
    <ClInclude Include="resource.h">
      <Filter>Header Files</Filter>
    </ClInclude>
    <ClInclude Include="FeatureExtraction.h">
      <Filter>Header Files</Filter>
    </ClInclude>
    <ClInclude Include="ActionSelection.h">
      <Filter>Header Files</Filter>
    </ClInclude>
    <ClInclude Include="ResponseModulation.h">
      <Filter>Header Files</Filter>
    </ClInclude>
    <ClInclude Include="pugixml.hpp">
      <Filter>Header Files</Filter>
    </ClInclude>
    <ClInclude Include="pugiconfig.hpp">
      <Filter>Header Files</Filter>
    </ClInclude>
    <ClInclude Include="RobotController.h">
      <Filter>Header Files</Filter>
    </ClInclude>
    <ClInclude Include="KinectListener.h">
      <Filter>Header Files</Filter>
    </ClInclude>
    <ClInclude Include="TobiiTracker.h">
      <Filter>Header Files</Filter>
    </ClInclude>
  </ItemGroup>
  <ItemGroup>
    <ClCompile Include="P300SignalAcquisition.cpp">
      <Filter>Source Files</Filter>
    </ClCompile>
    <ClCompile Include="InterfaceListener.cpp">
      <Filter>Source Files</Filter>
    </ClCompile>
    <ClCompile Include="CalibrationController.cpp">
      <Filter>Source Files</Filter>
    </ClCompile>
    <ClCompile Include="framework.cpp">
      <Filter>Source Files</Filter>
    </ClCompile>
    <ClCompile Include="SpellerController.cpp">
      <Filter>Source Files</Filter>
    </ClCompile>
    <ClCompile Include="BayesianLDA.cpp">
      <Filter>Source Files</Filter>
    </ClCompile>
    <ClCompile Include="Winsor.cpp">
      <Filter>Source Files</Filter>
    </ClCompile>
    <ClCompile Include="Normalize.cpp">
      <Filter>Source Files</Filter>
    </ClCompile>
    <ClCompile Include="clientTCP.cpp">
      <Filter>Source Files</Filter>
    </ClCompile>
    <ClCompile Include="Classification.cpp">
      <Filter>Source Files</Filter>
    </ClCompile>
    <ClCompile Include="P300Framework.cpp">
      <Filter>Source Files</Filter>
    </ClCompile>
    <ClCompile Include="OfflineSpeller.cpp">
      <Filter>Source Files</Filter>
    </ClCompile>
    <ClCompile Include="Worker.cpp">
      <Filter>Source Files</Filter>
    </ClCompile>
    <ClCompile Include="Gui.cpp">
      <Filter>Source Files</Filter>
    </ClCompile>
    <ClCompile Include="rootpaths.cpp">
      <Filter>Source Files</Filter>
    </ClCompile>
    <ClCompile Include="FeatureExtraction.cpp">
      <Filter>Source Files</Filter>
    </ClCompile>
    <ClCompile Include="ActionSelection.cpp">
      <Filter>Source Files</Filter>
    </ClCompile>
    <ClCompile Include="ResponseModulation.cpp">
      <Filter>Source Files</Filter>
    </ClCompile>
    <ClCompile Include="qcustomplot.cpp">
      <Filter>Source Files</Filter>
    </ClCompile>
    <ClCompile Include="pugixml.cpp">
      <Filter>Source Files</Filter>
    </ClCompile>
    <ClCompile Include="RobotController.cpp">
      <Filter>Source Files</Filter>
    </ClCompile>
    <ClCompile Include="KinectListener.cpp">
      <Filter>Source Files</Filter>
    </ClCompile>
    <ClCompile Include="TobiiTracker.cpp">
      <Filter>Source Files</Filter>
    </ClCompile>
  </ItemGroup>
  <ItemGroup>
    <CustomBuild Include="Worker.h">
      <Filter>Header Files</Filter>
    </CustomBuild>
    <CustomBuild Include="Gui.h">
      <Filter>Header Files</Filter>
    </CustomBuild>
    <CustomBuild Include="qcustomplot.h">
      <Filter>Header Files</Filter>
    </CustomBuild>
  </ItemGroup>
  <ItemGroup>
    <ResourceCompile Include="UniPABCIFrameworkGui.rc">
      <Filter>Resource Files</Filter>
    </ResourceCompile>
  </ItemGroup>
  <ItemGroup>
    <None Include="ClassDiagram.cd" />
    <None Include="..\..\res\icons\UniPABCIGui.bin">
      <Filter>Resource Files</Filter>
    </None>
  </ItemGroup>
</Project>
